// !$*UTF8*$!
{
	archiveVersion = 1;
	classes = {
	};
	objectVersion = 56;
	objects = {

/* Begin PBXBuildFile section */
		CA121EBB2AB428E700628D8C /* Built-in Calculator.png in Resources */ = {isa = PBXBuildFile; fileRef = CA121EBA2AB428E700628D8C /* Built-in Calculator.png */; };
		CAAE9F242AADC2A4008F9CC5 /* AppDelegate.swift in Sources */ = {isa = PBXBuildFile; fileRef = CAAE9F232AADC2A4008F9CC5 /* AppDelegate.swift */; };
		CAAE9F262AADC2A4008F9CC5 /* SceneDelegate.swift in Sources */ = {isa = PBXBuildFile; fileRef = CAAE9F252AADC2A4008F9CC5 /* SceneDelegate.swift */; };
		CAAE9F282AADC2A4008F9CC5 /* ViewController.swift in Sources */ = {isa = PBXBuildFile; fileRef = CAAE9F272AADC2A4008F9CC5 /* ViewController.swift */; };
		CAAE9F2B2AADC2A4008F9CC5 /* Main.storyboard in Resources */ = {isa = PBXBuildFile; fileRef = CAAE9F292AADC2A4008F9CC5 /* Main.storyboard */; };
		CAAE9F2D2AADC2A5008F9CC5 /* Assets.xcassets in Resources */ = {isa = PBXBuildFile; fileRef = CAAE9F2C2AADC2A5008F9CC5 /* Assets.xcassets */; };
		CAAE9F302AADC2A5008F9CC5 /* LaunchScreen.storyboard in Resources */ = {isa = PBXBuildFile; fileRef = CAAE9F2E2AADC2A5008F9CC5 /* LaunchScreen.storyboard */; };
		CAAE9F3B2AADC2A5008F9CC5 /* ________1Tests.swift in Sources */ = {isa = PBXBuildFile; fileRef = CAAE9F3A2AADC2A5008F9CC5 /* ________1Tests.swift */; };
		CAAE9F452AADC2A5008F9CC5 /* ________1UITests.swift in Sources */ = {isa = PBXBuildFile; fileRef = CAAE9F442AADC2A5008F9CC5 /* ________1UITests.swift */; };
		CAAE9F472AADC2A5008F9CC5 /* ________1UITestsLaunchTests.swift in Sources */ = {isa = PBXBuildFile; fileRef = CAAE9F462AADC2A5008F9CC5 /* ________1UITestsLaunchTests.swift */; };
/* End PBXBuildFile section */

/* Begin PBXContainerItemProxy section */
		CAAE9F372AADC2A5008F9CC5 /* PBXContainerItemProxy */ = {
			isa = PBXContainerItemProxy;
			containerPortal = CAAE9F182AADC2A4008F9CC5 /* Project object */;
			proxyType = 1;
			remoteGlobalIDString = CAAE9F1F2AADC2A4008F9CC5;
			remoteInfo = "파드과제1";
		};
		CAAE9F412AADC2A5008F9CC5 /* PBXContainerItemProxy */ = {
			isa = PBXContainerItemProxy;
			containerPortal = CAAE9F182AADC2A4008F9CC5 /* Project object */;
			proxyType = 1;
			remoteGlobalIDString = CAAE9F1F2AADC2A4008F9CC5;
			remoteInfo = "파드과제1";
		};
/* End PBXContainerItemProxy section */

/* Begin PBXFileReference section */
		CA121EBA2AB428E700628D8C /* Built-in Calculator.png */ = {isa = PBXFileReference; lastKnownFileType = image.png; path = "Built-in Calculator.png"; sourceTree = SOURCE_ROOT; };
		CAAE9F202AADC2A4008F9CC5 /* 1st_homework_KimHyungJin.app */ = {isa = PBXFileReference; explicitFileType = wrapper.application; includeInIndex = 0; path = 1st_homework_KimHyungJin.app; sourceTree = BUILT_PRODUCTS_DIR; };
		CAAE9F232AADC2A4008F9CC5 /* AppDelegate.swift */ = {isa = PBXFileReference; lastKnownFileType = sourcecode.swift; path = AppDelegate.swift; sourceTree = "<group>"; };
		CAAE9F252AADC2A4008F9CC5 /* SceneDelegate.swift */ = {isa = PBXFileReference; lastKnownFileType = sourcecode.swift; path = SceneDelegate.swift; sourceTree = "<group>"; };
		CAAE9F272AADC2A4008F9CC5 /* ViewController.swift */ = {isa = PBXFileReference; lastKnownFileType = sourcecode.swift; path = ViewController.swift; sourceTree = "<group>"; };
		CAAE9F2A2AADC2A4008F9CC5 /* Base */ = {isa = PBXFileReference; lastKnownFileType = file.storyboard; name = Base; path = Base.lproj/Main.storyboard; sourceTree = "<group>"; };
		CAAE9F2C2AADC2A5008F9CC5 /* Assets.xcassets */ = {isa = PBXFileReference; lastKnownFileType = folder.assetcatalog; path = Assets.xcassets; sourceTree = "<group>"; };
		CAAE9F2F2AADC2A5008F9CC5 /* Base */ = {isa = PBXFileReference; lastKnownFileType = file.storyboard; name = Base; path = Base.lproj/LaunchScreen.storyboard; sourceTree = "<group>"; };
		CAAE9F312AADC2A5008F9CC5 /* Info.plist */ = {isa = PBXFileReference; lastKnownFileType = text.plist.xml; path = Info.plist; sourceTree = "<group>"; };
		CAAE9F362AADC2A5008F9CC5 /* 1st_homework_KimHyungJinTests.xctest */ = {isa = PBXFileReference; explicitFileType = wrapper.cfbundle; includeInIndex = 0; path = 1st_homework_KimHyungJinTests.xctest; sourceTree = BUILT_PRODUCTS_DIR; };
		CAAE9F3A2AADC2A5008F9CC5 /* ________1Tests.swift */ = {isa = PBXFileReference; lastKnownFileType = sourcecode.swift; path = "________1Tests.swift"; sourceTree = "<group>"; };
		CAAE9F402AADC2A5008F9CC5 /* 1st_homework_KimHyungJinUITests.xctest */ = {isa = PBXFileReference; explicitFileType = wrapper.cfbundle; includeInIndex = 0; path = 1st_homework_KimHyungJinUITests.xctest; sourceTree = BUILT_PRODUCTS_DIR; };
		CAAE9F442AADC2A5008F9CC5 /* ________1UITests.swift */ = {isa = PBXFileReference; lastKnownFileType = sourcecode.swift; path = "________1UITests.swift"; sourceTree = "<group>"; };
		CAAE9F462AADC2A5008F9CC5 /* ________1UITestsLaunchTests.swift */ = {isa = PBXFileReference; lastKnownFileType = sourcecode.swift; path = "________1UITestsLaunchTests.swift"; sourceTree = "<group>"; };
/* End PBXFileReference section */

/* Begin PBXFrameworksBuildPhase section */
		CAAE9F1D2AADC2A4008F9CC5 /* Frameworks */ = {
			isa = PBXFrameworksBuildPhase;
			buildActionMask = 2147483647;
			files = (
			);
			runOnlyForDeploymentPostprocessing = 0;
		};
		CAAE9F332AADC2A5008F9CC5 /* Frameworks */ = {
			isa = PBXFrameworksBuildPhase;
			buildActionMask = 2147483647;
			files = (
			);
			runOnlyForDeploymentPostprocessing = 0;
		};
		CAAE9F3D2AADC2A5008F9CC5 /* Frameworks */ = {
			isa = PBXFrameworksBuildPhase;
			buildActionMask = 2147483647;
			files = (
			);
			runOnlyForDeploymentPostprocessing = 0;
		};
/* End PBXFrameworksBuildPhase section */

/* Begin PBXGroup section */
		CAAE9F172AADC2A4008F9CC5 = {
			isa = PBXGroup;
			children = (
				CAAE9F222AADC2A4008F9CC5 /* 파드과제1 */,
				CAAE9F392AADC2A5008F9CC5 /* 파드과제1Tests */,
				CAAE9F432AADC2A5008F9CC5 /* 파드과제1UITests */,
				CAAE9F212AADC2A4008F9CC5 /* Products */,
			);
			sourceTree = "<group>";
		};
		CAAE9F212AADC2A4008F9CC5 /* Products */ = {
			isa = PBXGroup;
			children = (
				CAAE9F202AADC2A4008F9CC5 /* 1st_homework_KimHyungJin.app */,
				CAAE9F362AADC2A5008F9CC5 /* 1st_homework_KimHyungJinTests.xctest */,
				CAAE9F402AADC2A5008F9CC5 /* 1st_homework_KimHyungJinUITests.xctest */,
			);
			name = Products;
			sourceTree = "<group>";
		};
		CAAE9F222AADC2A4008F9CC5 /* 파드과제1 */ = {
			isa = PBXGroup;
			children = (
				CAAE9F232AADC2A4008F9CC5 /* AppDelegate.swift */,
				CAAE9F252AADC2A4008F9CC5 /* SceneDelegate.swift */,
				CAAE9F272AADC2A4008F9CC5 /* ViewController.swift */,
				CAAE9F292AADC2A4008F9CC5 /* Main.storyboard */,
				CAAE9F2C2AADC2A5008F9CC5 /* Assets.xcassets */,
				CAAE9F2E2AADC2A5008F9CC5 /* LaunchScreen.storyboard */,
				CAAE9F312AADC2A5008F9CC5 /* Info.plist */,
			);
			path = "파드과제1";
			sourceTree = "<group>";
		};
		CAAE9F392AADC2A5008F9CC5 /* 파드과제1Tests */ = {
			isa = PBXGroup;
			children = (
				CAAE9F3A2AADC2A5008F9CC5 /* ________1Tests.swift */,
			);
			path = "파드과제1Tests";
			sourceTree = "<group>";
		};
		CAAE9F432AADC2A5008F9CC5 /* 파드과제1UITests */ = {
			isa = PBXGroup;
			children = (
				CAAE9F442AADC2A5008F9CC5 /* ________1UITests.swift */,
				CAAE9F462AADC2A5008F9CC5 /* ________1UITestsLaunchTests.swift */,
				CA121EBA2AB428E700628D8C /* Built-in Calculator.png */,
			);
			path = "파드과제1UITests";
			sourceTree = "<group>";
		};
/* End PBXGroup section */

/* Begin PBXNativeTarget section */
		CAAE9F1F2AADC2A4008F9CC5 /* 1st_homework_KimHyungJin */ = {
			isa = PBXNativeTarget;
			buildConfigurationList = CAAE9F4A2AADC2A5008F9CC5 /* Build configuration list for PBXNativeTarget "1st_homework_KimHyungJin" */;
			buildPhases = (
				CAAE9F1C2AADC2A4008F9CC5 /* Sources */,
				CAAE9F1D2AADC2A4008F9CC5 /* Frameworks */,
				CAAE9F1E2AADC2A4008F9CC5 /* Resources */,
			);
			buildRules = (
			);
			dependencies = (
			);
			name = 1st_homework_KimHyungJin;
			productName = "파드과제1";
			productReference = CAAE9F202AADC2A4008F9CC5 /* 1st_homework_KimHyungJin.app */;
			productType = "com.apple.product-type.application";
		};
		CAAE9F352AADC2A5008F9CC5 /* 1st_homework_KimHyungJinTests */ = {
			isa = PBXNativeTarget;
			buildConfigurationList = CAAE9F4D2AADC2A5008F9CC5 /* Build configuration list for PBXNativeTarget "1st_homework_KimHyungJinTests" */;
			buildPhases = (
				CAAE9F322AADC2A5008F9CC5 /* Sources */,
				CAAE9F332AADC2A5008F9CC5 /* Frameworks */,
				CAAE9F342AADC2A5008F9CC5 /* Resources */,
			);
			buildRules = (
			);
			dependencies = (
				CAAE9F382AADC2A5008F9CC5 /* PBXTargetDependency */,
			);
			name = 1st_homework_KimHyungJinTests;
			productName = "파드과제1Tests";
			productReference = CAAE9F362AADC2A5008F9CC5 /* 1st_homework_KimHyungJinTests.xctest */;
			productType = "com.apple.product-type.bundle.unit-test";
		};
		CAAE9F3F2AADC2A5008F9CC5 /* 1st_homework_KimHyungJinUITests */ = {
			isa = PBXNativeTarget;
			buildConfigurationList = CAAE9F502AADC2A5008F9CC5 /* Build configuration list for PBXNativeTarget "1st_homework_KimHyungJinUITests" */;
			buildPhases = (
				CAAE9F3C2AADC2A5008F9CC5 /* Sources */,
				CAAE9F3D2AADC2A5008F9CC5 /* Frameworks */,
				CAAE9F3E2AADC2A5008F9CC5 /* Resources */,
			);
			buildRules = (
			);
			dependencies = (
				CAAE9F422AADC2A5008F9CC5 /* PBXTargetDependency */,
			);
			name = 1st_homework_KimHyungJinUITests;
			productName = "파드과제1UITests";
			productReference = CAAE9F402AADC2A5008F9CC5 /* 1st_homework_KimHyungJinUITests.xctest */;
			productType = "com.apple.product-type.bundle.ui-testing";
		};
/* End PBXNativeTarget section */

/* Begin PBXProject section */
		CAAE9F182AADC2A4008F9CC5 /* Project object */ = {
			isa = PBXProject;
			attributes = {
				BuildIndependentTargetsInParallel = 1;
				LastSwiftUpdateCheck = 1430;
				LastUpgradeCheck = 1430;
				TargetAttributes = {
					CAAE9F1F2AADC2A4008F9CC5 = {
						CreatedOnToolsVersion = 14.3.1;
					};
					CAAE9F352AADC2A5008F9CC5 = {
						CreatedOnToolsVersion = 14.3.1;
						TestTargetID = CAAE9F1F2AADC2A4008F9CC5;
					};
					CAAE9F3F2AADC2A5008F9CC5 = {
						CreatedOnToolsVersion = 14.3.1;
						TestTargetID = CAAE9F1F2AADC2A4008F9CC5;
					};
				};
			};
			buildConfigurationList = CAAE9F1B2AADC2A4008F9CC5 /* Build configuration list for PBXProject "1st_homework_KimHyungJin" */;
			compatibilityVersion = "Xcode 14.0";
			developmentRegion = en;
			hasScannedForEncodings = 0;
			knownRegions = (
				en,
				Base,
			);
			mainGroup = CAAE9F172AADC2A4008F9CC5;
			productRefGroup = CAAE9F212AADC2A4008F9CC5 /* Products */;
			projectDirPath = "";
			projectRoot = "";
			targets = (
				CAAE9F1F2AADC2A4008F9CC5 /* 1st_homework_KimHyungJin */,
				CAAE9F352AADC2A5008F9CC5 /* 1st_homework_KimHyungJinTests */,
				CAAE9F3F2AADC2A5008F9CC5 /* 1st_homework_KimHyungJinUITests */,
			);
		};
/* End PBXProject section */

/* Begin PBXResourcesBuildPhase section */
		CAAE9F1E2AADC2A4008F9CC5 /* Resources */ = {
			isa = PBXResourcesBuildPhase;
			buildActionMask = 2147483647;
			files = (
				CAAE9F302AADC2A5008F9CC5 /* LaunchScreen.storyboard in Resources */,
				CAAE9F2D2AADC2A5008F9CC5 /* Assets.xcassets in Resources */,
				CAAE9F2B2AADC2A4008F9CC5 /* Main.storyboard in Resources */,
			);
			runOnlyForDeploymentPostprocessing = 0;
		};
		CAAE9F342AADC2A5008F9CC5 /* Resources */ = {
			isa = PBXResourcesBuildPhase;
			buildActionMask = 2147483647;
			files = (
			);
			runOnlyForDeploymentPostprocessing = 0;
		};
		CAAE9F3E2AADC2A5008F9CC5 /* Resources */ = {
			isa = PBXResourcesBuildPhase;
			buildActionMask = 2147483647;
			files = (
				CA121EBB2AB428E700628D8C /* Built-in Calculator.png in Resources */,
			);
			runOnlyForDeploymentPostprocessing = 0;
		};
/* End PBXResourcesBuildPhase section */

/* Begin PBXSourcesBuildPhase section */
		CAAE9F1C2AADC2A4008F9CC5 /* Sources */ = {
			isa = PBXSourcesBuildPhase;
			buildActionMask = 2147483647;
			files = (
				CAAE9F282AADC2A4008F9CC5 /* ViewController.swift in Sources */,
				CAAE9F242AADC2A4008F9CC5 /* AppDelegate.swift in Sources */,
				CAAE9F262AADC2A4008F9CC5 /* SceneDelegate.swift in Sources */,
			);
			runOnlyForDeploymentPostprocessing = 0;
		};
		CAAE9F322AADC2A5008F9CC5 /* Sources */ = {
			isa = PBXSourcesBuildPhase;
			buildActionMask = 2147483647;
			files = (
				CAAE9F3B2AADC2A5008F9CC5 /* ________1Tests.swift in Sources */,
			);
			runOnlyForDeploymentPostprocessing = 0;
		};
		CAAE9F3C2AADC2A5008F9CC5 /* Sources */ = {
			isa = PBXSourcesBuildPhase;
			buildActionMask = 2147483647;
			files = (
				CAAE9F472AADC2A5008F9CC5 /* ________1UITestsLaunchTests.swift in Sources */,
				CAAE9F452AADC2A5008F9CC5 /* ________1UITests.swift in Sources */,
			);
			runOnlyForDeploymentPostprocessing = 0;
		};
/* End PBXSourcesBuildPhase section */

/* Begin PBXTargetDependency section */
		CAAE9F382AADC2A5008F9CC5 /* PBXTargetDependency */ = {
			isa = PBXTargetDependency;
			target = CAAE9F1F2AADC2A4008F9CC5 /* 1st_homework_KimHyungJin */;
			targetProxy = CAAE9F372AADC2A5008F9CC5 /* PBXContainerItemProxy */;
		};
		CAAE9F422AADC2A5008F9CC5 /* PBXTargetDependency */ = {
			isa = PBXTargetDependency;
			target = CAAE9F1F2AADC2A4008F9CC5 /* 1st_homework_KimHyungJin */;
			targetProxy = CAAE9F412AADC2A5008F9CC5 /* PBXContainerItemProxy */;
		};
/* End PBXTargetDependency section */

/* Begin PBXVariantGroup section */
		CAAE9F292AADC2A4008F9CC5 /* Main.storyboard */ = {
			isa = PBXVariantGroup;
			children = (
				CAAE9F2A2AADC2A4008F9CC5 /* Base */,
			);
			name = Main.storyboard;
			sourceTree = "<group>";
		};
		CAAE9F2E2AADC2A5008F9CC5 /* LaunchScreen.storyboard */ = {
			isa = PBXVariantGroup;
			children = (
				CAAE9F2F2AADC2A5008F9CC5 /* Base */,
			);
			name = LaunchScreen.storyboard;
			sourceTree = "<group>";
		};
/* End PBXVariantGroup section */

/* Begin XCBuildConfiguration section */
		CAAE9F482AADC2A5008F9CC5 /* Debug */ = {
			isa = XCBuildConfiguration;
			buildSettings = {
				ALWAYS_SEARCH_USER_PATHS = NO;
				CLANG_ANALYZER_NONNULL = YES;
				CLANG_ANALYZER_NUMBER_OBJECT_CONVERSION = YES_AGGRESSIVE;
				CLANG_CXX_LANGUAGE_STANDARD = "gnu++20";
				CLANG_ENABLE_MODULES = YES;
				CLANG_ENABLE_OBJC_ARC = YES;
				CLANG_ENABLE_OBJC_WEAK = YES;
				CLANG_WARN_BLOCK_CAPTURE_AUTORELEASING = YES;
				CLANG_WARN_BOOL_CONVERSION = YES;
				CLANG_WARN_COMMA = YES;
				CLANG_WARN_CONSTANT_CONVERSION = YES;
				CLANG_WARN_DEPRECATED_OBJC_IMPLEMENTATIONS = YES;
				CLANG_WARN_DIRECT_OBJC_ISA_USAGE = YES_ERROR;
				CLANG_WARN_DOCUMENTATION_COMMENTS = YES;
				CLANG_WARN_EMPTY_BODY = YES;
				CLANG_WARN_ENUM_CONVERSION = YES;
				CLANG_WARN_INFINITE_RECURSION = YES;
				CLANG_WARN_INT_CONVERSION = YES;
				CLANG_WARN_NON_LITERAL_NULL_CONVERSION = YES;
				CLANG_WARN_OBJC_IMPLICIT_RETAIN_SELF = YES;
				CLANG_WARN_OBJC_LITERAL_CONVERSION = YES;
				CLANG_WARN_OBJC_ROOT_CLASS = YES_ERROR;
				CLANG_WARN_QUOTED_INCLUDE_IN_FRAMEWORK_HEADER = YES;
				CLANG_WARN_RANGE_LOOP_ANALYSIS = YES;
				CLANG_WARN_STRICT_PROTOTYPES = YES;
				CLANG_WARN_SUSPICIOUS_MOVE = YES;
				CLANG_WARN_UNGUARDED_AVAILABILITY = YES_AGGRESSIVE;
				CLANG_WARN_UNREACHABLE_CODE = YES;
				CLANG_WARN__DUPLICATE_METHOD_MATCH = YES;
				COPY_PHASE_STRIP = NO;
				DEBUG_INFORMATION_FORMAT = dwarf;
				ENABLE_STRICT_OBJC_MSGSEND = YES;
				ENABLE_TESTABILITY = YES;
				GCC_C_LANGUAGE_STANDARD = gnu11;
				GCC_DYNAMIC_NO_PIC = NO;
				GCC_NO_COMMON_BLOCKS = YES;
				GCC_OPTIMIZATION_LEVEL = 0;
				GCC_PREPROCESSOR_DEFINITIONS = (
					"DEBUG=1",
					"$(inherited)",
				);
				GCC_WARN_64_TO_32_BIT_CONVERSION = YES;
				GCC_WARN_ABOUT_RETURN_TYPE = YES_ERROR;
				GCC_WARN_UNDECLARED_SELECTOR = YES;
				GCC_WARN_UNINITIALIZED_AUTOS = YES_AGGRESSIVE;
				GCC_WARN_UNUSED_FUNCTION = YES;
				GCC_WARN_UNUSED_VARIABLE = YES;
				IPHONEOS_DEPLOYMENT_TARGET = 16.4;
				MTL_ENABLE_DEBUG_INFO = INCLUDE_SOURCE;
				MTL_FAST_MATH = YES;
				ONLY_ACTIVE_ARCH = YES;
				SDKROOT = iphoneos;
				SWIFT_ACTIVE_COMPILATION_CONDITIONS = DEBUG;
				SWIFT_OPTIMIZATION_LEVEL = "-Onone";
			};
			name = Debug;
		};
		CAAE9F492AADC2A5008F9CC5 /* Release */ = {
			isa = XCBuildConfiguration;
			buildSettings = {
				ALWAYS_SEARCH_USER_PATHS = NO;
				CLANG_ANALYZER_NONNULL = YES;
				CLANG_ANALYZER_NUMBER_OBJECT_CONVERSION = YES_AGGRESSIVE;
				CLANG_CXX_LANGUAGE_STANDARD = "gnu++20";
				CLANG_ENABLE_MODULES = YES;
				CLANG_ENABLE_OBJC_ARC = YES;
				CLANG_ENABLE_OBJC_WEAK = YES;
				CLANG_WARN_BLOCK_CAPTURE_AUTORELEASING = YES;
				CLANG_WARN_BOOL_CONVERSION = YES;
				CLANG_WARN_COMMA = YES;
				CLANG_WARN_CONSTANT_CONVERSION = YES;
				CLANG_WARN_DEPRECATED_OBJC_IMPLEMENTATIONS = YES;
				CLANG_WARN_DIRECT_OBJC_ISA_USAGE = YES_ERROR;
				CLANG_WARN_DOCUMENTATION_COMMENTS = YES;
				CLANG_WARN_EMPTY_BODY = YES;
				CLANG_WARN_ENUM_CONVERSION = YES;
				CLANG_WARN_INFINITE_RECURSION = YES;
				CLANG_WARN_INT_CONVERSION = YES;
				CLANG_WARN_NON_LITERAL_NULL_CONVERSION = YES;
				CLANG_WARN_OBJC_IMPLICIT_RETAIN_SELF = YES;
				CLANG_WARN_OBJC_LITERAL_CONVERSION = YES;
				CLANG_WARN_OBJC_ROOT_CLASS = YES_ERROR;
				CLANG_WARN_QUOTED_INCLUDE_IN_FRAMEWORK_HEADER = YES;
				CLANG_WARN_RANGE_LOOP_ANALYSIS = YES;
				CLANG_WARN_STRICT_PROTOTYPES = YES;
				CLANG_WARN_SUSPICIOUS_MOVE = YES;
				CLANG_WARN_UNGUARDED_AVAILABILITY = YES_AGGRESSIVE;
				CLANG_WARN_UNREACHABLE_CODE = YES;
				CLANG_WARN__DUPLICATE_METHOD_MATCH = YES;
				COPY_PHASE_STRIP = NO;
				DEBUG_INFORMATION_FORMAT = "dwarf-with-dsym";
				ENABLE_NS_ASSERTIONS = NO;
				ENABLE_STRICT_OBJC_MSGSEND = YES;
				GCC_C_LANGUAGE_STANDARD = gnu11;
				GCC_NO_COMMON_BLOCKS = YES;
				GCC_WARN_64_TO_32_BIT_CONVERSION = YES;
				GCC_WARN_ABOUT_RETURN_TYPE = YES_ERROR;
				GCC_WARN_UNDECLARED_SELECTOR = YES;
				GCC_WARN_UNINITIALIZED_AUTOS = YES_AGGRESSIVE;
				GCC_WARN_UNUSED_FUNCTION = YES;
				GCC_WARN_UNUSED_VARIABLE = YES;
				IPHONEOS_DEPLOYMENT_TARGET = 16.4;
				MTL_ENABLE_DEBUG_INFO = NO;
				MTL_FAST_MATH = YES;
				SDKROOT = iphoneos;
				SWIFT_COMPILATION_MODE = wholemodule;
				SWIFT_OPTIMIZATION_LEVEL = "-O";
				VALIDATE_PRODUCT = YES;
			};
			name = Release;
		};
		CAAE9F4B2AADC2A5008F9CC5 /* Debug */ = {
			isa = XCBuildConfiguration;
			buildSettings = {
				ASSETCATALOG_COMPILER_APPICON_NAME = AppIcon;
				ASSETCATALOG_COMPILER_GLOBAL_ACCENT_COLOR_NAME = AccentColor;
				CODE_SIGN_STYLE = Automatic;
				CURRENT_PROJECT_VERSION = 1;
				GENERATE_INFOPLIST_FILE = YES;
				INFOPLIST_FILE = "파드과제1/Info.plist";
				INFOPLIST_KEY_UIApplicationSupportsIndirectInputEvents = YES;
				INFOPLIST_KEY_UILaunchStoryboardName = LaunchScreen;
				INFOPLIST_KEY_UIMainStoryboardFile = Main;
				INFOPLIST_KEY_UISupportedInterfaceOrientations_iPad = "UIInterfaceOrientationPortrait UIInterfaceOrientationPortraitUpsideDown UIInterfaceOrientationLandscapeLeft UIInterfaceOrientationLandscapeRight";
				INFOPLIST_KEY_UISupportedInterfaceOrientations_iPhone = "UIInterfaceOrientationPortrait UIInterfaceOrientationLandscapeLeft UIInterfaceOrientationLandscapeRight";
				LD_RUNPATH_SEARCH_PATHS = (
					"$(inherited)",
					"@executable_path/Frameworks",
				);
				MARKETING_VERSION = 1.0;
				PRODUCT_BUNDLE_IDENTIFIER = "com.PARD.--------1";
				PRODUCT_NAME = "$(TARGET_NAME)";
				SWIFT_EMIT_LOC_STRINGS = YES;
				SWIFT_VERSION = 5.0;
				TARGETED_DEVICE_FAMILY = "1,2";
			};
			name = Debug;
		};
		CAAE9F4C2AADC2A5008F9CC5 /* Release */ = {
			isa = XCBuildConfiguration;
			buildSettings = {
				ASSETCATALOG_COMPILER_APPICON_NAME = AppIcon;
				ASSETCATALOG_COMPILER_GLOBAL_ACCENT_COLOR_NAME = AccentColor;
				CODE_SIGN_STYLE = Automatic;
				CURRENT_PROJECT_VERSION = 1;
				GENERATE_INFOPLIST_FILE = YES;
				INFOPLIST_FILE = "파드과제1/Info.plist";
				INFOPLIST_KEY_UIApplicationSupportsIndirectInputEvents = YES;
				INFOPLIST_KEY_UILaunchStoryboardName = LaunchScreen;
				INFOPLIST_KEY_UIMainStoryboardFile = Main;
				INFOPLIST_KEY_UISupportedInterfaceOrientations_iPad = "UIInterfaceOrientationPortrait UIInterfaceOrientationPortraitUpsideDown UIInterfaceOrientationLandscapeLeft UIInterfaceOrientationLandscapeRight";
				INFOPLIST_KEY_UISupportedInterfaceOrientations_iPhone = "UIInterfaceOrientationPortrait UIInterfaceOrientationLandscapeLeft UIInterfaceOrientationLandscapeRight";
				LD_RUNPATH_SEARCH_PATHS = (
					"$(inherited)",
					"@executable_path/Frameworks",
				);
				MARKETING_VERSION = 1.0;
				PRODUCT_BUNDLE_IDENTIFIER = "com.PARD.--------1";
				PRODUCT_NAME = "$(TARGET_NAME)";
				SWIFT_EMIT_LOC_STRINGS = YES;
				SWIFT_VERSION = 5.0;
				TARGETED_DEVICE_FAMILY = "1,2";
			};
			name = Release;
		};
		CAAE9F4E2AADC2A5008F9CC5 /* Debug */ = {
			isa = XCBuildConfiguration;
			buildSettings = {
				ALWAYS_EMBED_SWIFT_STANDARD_LIBRARIES = YES;
				BUNDLE_LOADER = "$(TEST_HOST)";
				CODE_SIGN_STYLE = Automatic;
				CURRENT_PROJECT_VERSION = 1;
				GENERATE_INFOPLIST_FILE = YES;
				IPHONEOS_DEPLOYMENT_TARGET = 16.4;
				MARKETING_VERSION = 1.0;
				PRODUCT_BUNDLE_IDENTIFIER = "com.PARD.--------1Tests";
				PRODUCT_NAME = "$(TARGET_NAME)";
				SWIFT_EMIT_LOC_STRINGS = NO;
				SWIFT_VERSION = 5.0;
				TARGETED_DEVICE_FAMILY = "1,2";
				TEST_HOST = "$(BUILT_PRODUCTS_DIR)/1st_homework_KimHyungJin.app/$(BUNDLE_EXECUTABLE_FOLDER_PATH)/1st_homework_KimHyungJin";
			};
			name = Debug;
		};
		CAAE9F4F2AADC2A5008F9CC5 /* Release */ = {
			isa = XCBuildConfiguration;
			buildSettings = {
				ALWAYS_EMBED_SWIFT_STANDARD_LIBRARIES = YES;
				BUNDLE_LOADER = "$(TEST_HOST)";
				CODE_SIGN_STYLE = Automatic;
				CURRENT_PROJECT_VERSION = 1;
				GENERATE_INFOPLIST_FILE = YES;
				IPHONEOS_DEPLOYMENT_TARGET = 16.4;
				MARKETING_VERSION = 1.0;
				PRODUCT_BUNDLE_IDENTIFIER = "com.PARD.--------1Tests";
				PRODUCT_NAME = "$(TARGET_NAME)";
				SWIFT_EMIT_LOC_STRINGS = NO;
				SWIFT_VERSION = 5.0;
				TARGETED_DEVICE_FAMILY = "1,2";
				TEST_HOST = "$(BUILT_PRODUCTS_DIR)/1st_homework_KimHyungJin.app/$(BUNDLE_EXECUTABLE_FOLDER_PATH)/1st_homework_KimHyungJin";
			};
			name = Release;
		};
		CAAE9F512AADC2A5008F9CC5 /* Debug */ = {
			isa = XCBuildConfiguration;
			buildSettings = {
				ALWAYS_EMBED_SWIFT_STANDARD_LIBRARIES = YES;
				CODE_SIGN_STYLE = Automatic;
				CURRENT_PROJECT_VERSION = 1;
				GENERATE_INFOPLIST_FILE = YES;
				MARKETING_VERSION = 1.0;
				PRODUCT_BUNDLE_IDENTIFIER = "com.PARD.--------1UITests";
				PRODUCT_NAME = "$(TARGET_NAME)";
				SWIFT_EMIT_LOC_STRINGS = NO;
				SWIFT_VERSION = 5.0;
				TARGETED_DEVICE_FAMILY = "1,2";
				TEST_TARGET_NAME = "파드과제1";
			};
			name = Debug;
		};
		CAAE9F522AADC2A5008F9CC5 /* Release */ = {
			isa = XCBuildConfiguration;
			buildSettings = {
				ALWAYS_EMBED_SWIFT_STANDARD_LIBRARIES = YES;
				CODE_SIGN_STYLE = Automatic;
				CURRENT_PROJECT_VERSION = 1;
				GENERATE_INFOPLIST_FILE = YES;
				MARKETING_VERSION = 1.0;
				PRODUCT_BUNDLE_IDENTIFIER = "com.PARD.--------1UITests";
				PRODUCT_NAME = "$(TARGET_NAME)";
				SWIFT_EMIT_LOC_STRINGS = NO;
				SWIFT_VERSION = 5.0;
				TARGETED_DEVICE_FAMILY = "1,2";
				TEST_TARGET_NAME = "파드과제1";
			};
			name = Release;
		};
/* End XCBuildConfiguration section */

/* Begin XCConfigurationList section */
		CAAE9F1B2AADC2A4008F9CC5 /* Build configuration list for PBXProject "1st_homework_KimHyungJin" */ = {
			isa = XCConfigurationList;
			buildConfigurations = (
				CAAE9F482AADC2A5008F9CC5 /* Debug */,
				CAAE9F492AADC2A5008F9CC5 /* Release */,
			);
			defaultConfigurationIsVisible = 0;
			defaultConfigurationName = Release;
		};
		CAAE9F4A2AADC2A5008F9CC5 /* Build configuration list for PBXNativeTarget "1st_homework_KimHyungJin" */ = {
			isa = XCConfigurationList;
			buildConfigurations = (
				CAAE9F4B2AADC2A5008F9CC5 /* Debug */,
				CAAE9F4C2AADC2A5008F9CC5 /* Release */,
			);
			defaultConfigurationIsVisible = 0;
			defaultConfigurationName = Release;
		};
		CAAE9F4D2AADC2A5008F9CC5 /* Build configuration list for PBXNativeTarget "1st_homework_KimHyungJinTests" */ = {
			isa = XCConfigurationList;
			buildConfigurations = (
				CAAE9F4E2AADC2A5008F9CC5 /* Debug */,
				CAAE9F4F2AADC2A5008F9CC5 /* Release */,
			);
			defaultConfigurationIsVisible = 0;
			defaultConfigurationName = Release;
		};
		CAAE9F502AADC2A5008F9CC5 /* Build configuration list for PBXNativeTarget "1st_homework_KimHyungJinUITests" */ = {
			isa = XCConfigurationList;
			buildConfigurations = (
				CAAE9F512AADC2A5008F9CC5 /* Debug */,
				CAAE9F522AADC2A5008F9CC5 /* Release */,
			);
			defaultConfigurationIsVisible = 0;
			defaultConfigurationName = Release;
		};
/* End XCConfigurationList section */
	};
	rootObject = CAAE9F182AADC2A4008F9CC5 /* Project object */;
}
